{
  "nodes": {
    "git_nu": {
      "flake": false,
      "locked": {
        "lastModified": 1752027151,
        "narHash": "sha256-lg5BvBjt693s8oPuipD/Cfcn8xECEmHb4cnjdg/qt74=",
        "owner": "fj0r",
        "repo": "git.nu",
        "rev": "24f61987729c8b17da84b7e99354e71c519173ac",
        "type": "github"
      },
      "original": {
        "owner": "fj0r",
        "repo": "git.nu",
        "type": "github"
      }
    },
    "nix-lib": {
      "locked": {
        "lastModified": 1725932135,
        "narHash": "sha256-lOth3aX2oK1KGNBIKJDDrVSW7DqZHkyT+FvjZ9r7bOk=",
        "owner": "ekala-project",
        "repo": "nix-lib",
        "rev": "f3baad9fc4df31152e6150712204bb391214fdd7",
        "type": "github"
      },
      "original": {
        "owner": "ekala-project",
        "repo": "nix-lib",
        "type": "github"
      }
    },
    "nu_scripts": {
      "flake": false,
      "locked": {
        "lastModified": 1751974809,
        "narHash": "sha256-Vh2yuIMvYiYdCYWqFRx7G24hWrQ5iJr1byOV/pIkFyI=",
        "owner": "nushell",
        "repo": "nu_scripts",
        "rev": "b09b60cc434bb9be05ce2bbb6dc299760d13b18b",
        "type": "github"
      },
      "original": {
        "owner": "nushell",
        "repo": "nu_scripts",
        "type": "github"
      }
    },
    "nupm": {
      "flake": false,
      "locked": {
        "lastModified": 1750446394,
        "narHash": "sha256-7a7+ot23jT0n3OaQtOufYkRQqDshZv+0d/HlRzWZPqM=",
        "owner": "nushell",
        "repo": "nupm",
        "rev": "c98ffac8698ba1ac17fff0ab7597466bbacf6cd0",
        "type": "github"
      },
      "original": {
        "owner": "nushell",
        "repo": "nupm",
        "type": "github"
      }
    },
    "nutest": {
      "flake": false,
      "locked": {
        "lastModified": 1745000154,
        "narHash": "sha256-z8/6NqBbk/VoVjvRl80mZn48edoggCUJfQK6zq+L1JU=",
        "owner": "vyadh",
        "repo": "nutest",
        "rev": "f5b251469aa51c3a95fd1caeac8acbcbccb91a27",
        "type": "github"
      },
      "original": {
        "owner": "vyadh",
        "repo": "nutest",
        "type": "github"
      }
    },
    "root": {
      "inputs": {
        "git_nu": "git_nu",
        "nix-lib": "nix-lib",
        "nu_scripts": "nu_scripts",
        "nupm": "nupm",
        "nutest": "nutest"
      }
    }
  },
  "root": "root",
  "version": 7
}
